
Microsoft Visual Studio Solution File, Format Version 12.00
# Visual Studio 15
VisualStudioVersion = 15.0.28307.329
MinimumVisualStudioVersion = 10.0.40219.1
Project("{FAE04EC0-301F-11D3-BF4B-00C04F79EFBC}") = "DoraAPF.org", "DoraAPF.org\DoraAPF.org.csproj", "{2C11B743-62C1-4C09-ABD2-F6968D16C120}"
EndProject
Global
	GlobalSection(SolutionConfigurationPlatforms) = preSolution
		Debug|Any CPU = Debug|Any CPU
		Release|Any CPU = Release|Any CPU
	EndGlobalSection
	GlobalSection(ProjectConfigurationPlatforms) = postSolution
		{2C11B743-62C1-4C09-ABD2-F6968D16C120}.Debug|Any CPU.ActiveCfg = Debug|Any CPU
		{2C11B743-62C1-4C09-ABD2-F6968D16C120}.Debug|Any CPU.Build.0 = Debug|Any CPU
		{2C11B743-62C1-4C09-ABD2-F6968D16C120}.Release|Any CPU.ActiveCfg = Release|Any CPU
		{2C11B743-62C1-4C09-ABD2-F6968D16C120}.Release|Any CPU.Build.0 = Release|Any CPU
	EndGlobalSection
	GlobalSection(SolutionProperties) = preSolution
		HideSolutionNode = FALSE
	EndGlobalSection
	GlobalSection(ExtensibilityGlobals) = postSolution
		SolutionGuid = {CA3DA466-A128-4333-B55B-F799F48AE6A0}
	EndGlobalSection
EndGlobal
